{
  "name": "handshake-slds",
  "lockfileVersion": 2,
  "requires": true,
  "packages": {
    "": {
      "dependencies": {
        "@openzeppelin/contracts": "^4.7.0"
      }
    },
    "node_modules/@openzeppelin/contracts": {
      "version": "4.7.0",
      "resolved": "https://registry.npmjs.org/@openzeppelin/contracts/-/contracts-4.7.0.tgz",
      "integrity": "sha512-52Qb+A1DdOss8QvJrijYYPSf32GUg2pGaG/yCxtaA3cu4jduouTdg4XZSMLW9op54m1jH7J8hoajhHKOPsoJFw=="
    }
  },
  "dependencies": {
    "@openzeppelin/contracts": {
      "version": "4.7.0",
      "resolved": "https://registry.npmjs.org/@openzeppelin/contracts/-/contracts-4.7.0.tgz",
      "integrity": "sha512-52Qb+A1DdOss8QvJrijYYPSf32GUg2pGaG/yCxtaA3cu4jduouTdg4XZSMLW9op54m1jH7J8hoajhHKOPsoJFw=="
    }
  }
}
